// !$*UTF8*$!
{
	archiveVersion = 1;
	classes = {
	};
	objectVersion = 46;
	objects = {

/* Begin PBXBuildFile section */
		4CB02F4E3F98DC991869C3AD /* Pods_iASTwitter.framework in Frameworks */ = {isa = PBXBuildFile; fileRef = 926A4D505AF668704686A78B /* Pods_iASTwitter.framework */; };
		9262C6781F46AD70005FAFFF /* AppDelegate.swift in Sources */ = {isa = PBXBuildFile; fileRef = 9262C6771F46AD70005FAFFF /* AppDelegate.swift */; };
		9262C67F1F46AD70005FAFFF /* Assets.xcassets in Resources */ = {isa = PBXBuildFile; fileRef = 9262C67E1F46AD70005FAFFF /* Assets.xcassets */; };
		9262C6821F46AD70005FAFFF /* LaunchScreen.storyboard in Resources */ = {isa = PBXBuildFile; fileRef = 9262C6801F46AD70005FAFFF /* LaunchScreen.storyboard */; };
		9262C69E1F46B380005FAFFF /* Localizable.strings in Resources */ = {isa = PBXBuildFile; fileRef = 9262C6A01F46B380005FAFFF /* Localizable.strings */; };
		9262C6A41F46B3E6005FAFFF /* User.swift in Sources */ = {isa = PBXBuildFile; fileRef = 9262C6A31F46B3E6005FAFFF /* User.swift */; };
		9262C6A51F46B5DB005FAFFF /* Login.storyboard in Resources */ = {isa = PBXBuildFile; fileRef = 9262C6A71F46B5DB005FAFFF /* Login.storyboard */; };
		9262C6AC1F46B672005FAFFF /* BaseModel.swift in Sources */ = {isa = PBXBuildFile; fileRef = 9262C6AB1F46B672005FAFFF /* BaseModel.swift */; };
		9262C6AE1F46B680005FAFFF /* BaseViewController.swift in Sources */ = {isa = PBXBuildFile; fileRef = 9262C6AD1F46B680005FAFFF /* BaseViewController.swift */; };
		927517811F52357900F1FB91 /* FollowerCell.swift in Sources */ = {isa = PBXBuildFile; fileRef = 927517801F52357900F1FB91 /* FollowerCell.swift */; };
		927517831F523DC900F1FB91 /* UIViewExtensions.swift in Sources */ = {isa = PBXBuildFile; fileRef = 927517821F523DC900F1FB91 /* UIViewExtensions.swift */; };
		927517841F5245B900F1FB91 /* Followers.storyboard in Resources */ = {isa = PBXBuildFile; fileRef = 927517861F5245B900F1FB91 /* Followers.storyboard */; };
		9275178A1F524ECD00F1FB91 /* FollowerDetailsVC.swift in Sources */ = {isa = PBXBuildFile; fileRef = 927517891F524ECD00F1FB91 /* FollowerDetailsVC.swift */; };
		9275178C1F52501700F1FB91 /* UIImageExtension.swift in Sources */ = {isa = PBXBuildFile; fileRef = 9275178B1F52501700F1FB91 /* UIImageExtension.swift */; };
		9275178E1F526D2000F1FB91 /* TweetCell.swift in Sources */ = {isa = PBXBuildFile; fileRef = 9275178D1F526D2000F1FB91 /* TweetCell.swift */; };
		927517901F529F7600F1FB91 /* SafariServices.framework in Frameworks */ = {isa = PBXBuildFile; fileRef = 9275178F1F529F7600F1FB91 /* SafariServices.framework */; };
		927517921F532B3900F1FB91 /* Reachability.swift in Sources */ = {isa = PBXBuildFile; fileRef = 927517911F532B3900F1FB91 /* Reachability.swift */; };
		92B46DF31F5198890037B205 /* LoginVC.swift in Sources */ = {isa = PBXBuildFile; fileRef = 92B46DF21F5198890037B205 /* LoginVC.swift */; };
		92B46DF61F51EFA90037B205 /* StorageManager.swift in Sources */ = {isa = PBXBuildFile; fileRef = 92B46DF51F51EFA90037B205 /* StorageManager.swift */; };
		92B46DF91F51EFEB0037B205 /* iASError.swift in Sources */ = {isa = PBXBuildFile; fileRef = 92B46DF81F51EFEB0037B205 /* iASError.swift */; };
		92B46DFC1F51F2570037B205 /* Globals.swift in Sources */ = {isa = PBXBuildFile; fileRef = 92B46DFB1F51F2570037B205 /* Globals.swift */; };
		92B46DFE1F51F2C00037B205 /* Constants.swift in Sources */ = {isa = PBXBuildFile; fileRef = 92B46DFD1F51F2C00037B205 /* Constants.swift */; };
		92B46E011F52007F0037B205 /* UIViewControllerExtension.swift in Sources */ = {isa = PBXBuildFile; fileRef = 92B46E001F52007F0037B205 /* UIViewControllerExtension.swift */; };
		92B46E0A1F5202700037B205 /* FollowersVC.swift in Sources */ = {isa = PBXBuildFile; fileRef = 92B46E091F5202700037B205 /* FollowersVC.swift */; };
		92B46E0E1F5214980037B205 /* DEATHNOTEFont.ttf in Resources */ = {isa = PBXBuildFile; fileRef = 92B46E0D1F5214980037B205 /* DEATHNOTEFont.ttf */; };
/* End PBXBuildFile section */

/* Begin PBXFileReference section */
		4BF5B048A97B6BCA020C14C2 /* Pods-iASTwitter.debug.xcconfig */ = {isa = PBXFileReference; includeInIndex = 1; lastKnownFileType = text.xcconfig; name = "Pods-iASTwitter.debug.xcconfig"; path = "Pods/Target Support Files/Pods-iASTwitter/Pods-iASTwitter.debug.xcconfig"; sourceTree = "<group>"; };
		528376CC686A41803FC5AD94 /* Pods-iASTwitter.release.xcconfig */ = {isa = PBXFileReference; includeInIndex = 1; lastKnownFileType = text.xcconfig; name = "Pods-iASTwitter.release.xcconfig"; path = "Pods/Target Support Files/Pods-iASTwitter/Pods-iASTwitter.release.xcconfig"; sourceTree = "<group>"; };
		9262C6741F46AD70005FAFFF /* iASTwitter.app */ = {isa = PBXFileReference; explicitFileType = wrapper.application; includeInIndex = 0; path = iASTwitter.app; sourceTree = BUILT_PRODUCTS_DIR; };
		9262C6771F46AD70005FAFFF /* AppDelegate.swift */ = {isa = PBXFileReference; lastKnownFileType = sourcecode.swift; path = AppDelegate.swift; sourceTree = "<group>"; };
		9262C67E1F46AD70005FAFFF /* Assets.xcassets */ = {isa = PBXFileReference; lastKnownFileType = folder.assetcatalog; path = Assets.xcassets; sourceTree = "<group>"; };
		9262C6811F46AD70005FAFFF /* Base */ = {isa = PBXFileReference; lastKnownFileType = file.storyboard; name = Base; path = Base.lproj/LaunchScreen.storyboard; sourceTree = "<group>"; };
		9262C6831F46AD70005FAFFF /* Info.plist */ = {isa = PBXFileReference; lastKnownFileType = text.plist.xml; path = Info.plist; sourceTree = "<group>"; };
		9262C69A1F46B362005FAFFF /* ar */ = {isa = PBXFileReference; lastKnownFileType = text.plist.strings; name = ar; path = ar.lproj/LaunchScreen.strings; sourceTree = "<group>"; };
		9262C69F1F46B380005FAFFF /* ar */ = {isa = PBXFileReference; lastKnownFileType = text.plist.strings; name = ar; path = ar.lproj/Localizable.strings; sourceTree = "<group>"; };
		9262C6A31F46B3E6005FAFFF /* User.swift */ = {isa = PBXFileReference; fileEncoding = 4; lastKnownFileType = sourcecode.swift; path = User.swift; sourceTree = "<group>"; };
		9262C6A61F46B5DB005FAFFF /* Base */ = {isa = PBXFileReference; lastKnownFileType = file.storyboard; name = Base; path = Base.lproj/Login.storyboard; sourceTree = "<group>"; };
		9262C6A91F46B5DE005FAFFF /* ar */ = {isa = PBXFileReference; lastKnownFileType = text.plist.strings; name = ar; path = ar.lproj/Login.strings; sourceTree = "<group>"; };
		9262C6AB1F46B672005FAFFF /* BaseModel.swift */ = {isa = PBXFileReference; fileEncoding = 4; lastKnownFileType = sourcecode.swift; path = BaseModel.swift; sourceTree = "<group>"; };
		9262C6AD1F46B680005FAFFF /* BaseViewController.swift */ = {isa = PBXFileReference; fileEncoding = 4; lastKnownFileType = sourcecode.swift; path = BaseViewController.swift; sourceTree = "<group>"; };
		926A4D505AF668704686A78B /* Pods_iASTwitter.framework */ = {isa = PBXFileReference; explicitFileType = wrapper.framework; includeInIndex = 0; path = Pods_iASTwitter.framework; sourceTree = BUILT_PRODUCTS_DIR; };
		927517801F52357900F1FB91 /* FollowerCell.swift */ = {isa = PBXFileReference; fileEncoding = 4; lastKnownFileType = sourcecode.swift; path = FollowerCell.swift; sourceTree = "<group>"; };
		927517821F523DC900F1FB91 /* UIViewExtensions.swift */ = {isa = PBXFileReference; fileEncoding = 4; lastKnownFileType = sourcecode.swift; path = UIViewExtensions.swift; sourceTree = "<group>"; };
		927517851F5245B900F1FB91 /* Base */ = {isa = PBXFileReference; lastKnownFileType = file.storyboard; name = Base; path = Base.lproj/Followers.storyboard; sourceTree = "<group>"; };
		927517881F5245BC00F1FB91 /* ar */ = {isa = PBXFileReference; lastKnownFileType = text.plist.strings; name = ar; path = ar.lproj/Followers.strings; sourceTree = "<group>"; };
		927517891F524ECD00F1FB91 /* FollowerDetailsVC.swift */ = {isa = PBXFileReference; fileEncoding = 4; lastKnownFileType = sourcecode.swift; path = FollowerDetailsVC.swift; sourceTree = "<group>"; };
		9275178B1F52501700F1FB91 /* UIImageExtension.swift */ = {isa = PBXFileReference; fileEncoding = 4; lastKnownFileType = sourcecode.swift; path = UIImageExtension.swift; sourceTree = "<group>"; };
		9275178D1F526D2000F1FB91 /* TweetCell.swift */ = {isa = PBXFileReference; fileEncoding = 4; lastKnownFileType = sourcecode.swift; path = TweetCell.swift; sourceTree = "<group>"; };
		9275178F1F529F7600F1FB91 /* SafariServices.framework */ = {isa = PBXFileReference; lastKnownFileType = wrapper.framework; name = SafariServices.framework; path = System/Library/Frameworks/SafariServices.framework; sourceTree = SDKROOT; };
		927517911F532B3900F1FB91 /* Reachability.swift */ = {isa = PBXFileReference; fileEncoding = 4; lastKnownFileType = sourcecode.swift; path = Reachability.swift; sourceTree = "<group>"; };
		92B46DF21F5198890037B205 /* LoginVC.swift */ = {isa = PBXFileReference; fileEncoding = 4; lastKnownFileType = sourcecode.swift; path = LoginVC.swift; sourceTree = "<group>"; };
		92B46DF51F51EFA90037B205 /* StorageManager.swift */ = {isa = PBXFileReference; fileEncoding = 4; lastKnownFileType = sourcecode.swift; path = StorageManager.swift; sourceTree = "<group>"; };
		92B46DF81F51EFEB0037B205 /* iASError.swift */ = {isa = PBXFileReference; fileEncoding = 4; lastKnownFileType = sourcecode.swift; path = iASError.swift; sourceTree = "<group>"; };
		92B46DFB1F51F2570037B205 /* Globals.swift */ = {isa = PBXFileReference; fileEncoding = 4; lastKnownFileType = sourcecode.swift; path = Globals.swift; sourceTree = "<group>"; };
		92B46DFD1F51F2C00037B205 /* Constants.swift */ = {isa = PBXFileReference; fileEncoding = 4; lastKnownFileType = sourcecode.swift; path = Constants.swift; sourceTree = "<group>"; };
		92B46E001F52007F0037B205 /* UIViewControllerExtension.swift */ = {isa = PBXFileReference; fileEncoding = 4; lastKnownFileType = sourcecode.swift; path = UIViewControllerExtension.swift; sourceTree = "<group>"; };
		92B46E091F5202700037B205 /* FollowersVC.swift */ = {isa = PBXFileReference; fileEncoding = 4; lastKnownFileType = sourcecode.swift; path = FollowersVC.swift; sourceTree = "<group>"; };
		92B46E0D1F5214980037B205 /* DEATHNOTEFont.ttf */ = {isa = PBXFileReference; lastKnownFileType = file; path = DEATHNOTEFont.ttf; sourceTree = "<group>"; };
		92BAAE551F49898200C08968 /* iASTwitter-Bridging-Header.h */ = {isa = PBXFileReference; lastKnownFileType = sourcecode.c.h; path = "iASTwitter-Bridging-Header.h"; sourceTree = "<group>"; };
/* End PBXFileReference section */

/* Begin PBXFrameworksBuildPhase section */
		9262C6711F46AD70005FAFFF /* Frameworks */ = {
			isa = PBXFrameworksBuildPhase;
			buildActionMask = 2147483647;
			files = (
				927517901F529F7600F1FB91 /* SafariServices.framework in Frameworks */,
				4CB02F4E3F98DC991869C3AD /* Pods_iASTwitter.framework in Frameworks */,
			);
			runOnlyForDeploymentPostprocessing = 0;
		};
/* End PBXFrameworksBuildPhase section */

/* Begin PBXGroup section */
		0355C5B13EF112D6A4FC4D70 /* Pods */ = {
			isa = PBXGroup;
			children = (
				4BF5B048A97B6BCA020C14C2 /* Pods-iASTwitter.debug.xcconfig */,
				528376CC686A41803FC5AD94 /* Pods-iASTwitter.release.xcconfig */,
			);
			name = Pods;
			sourceTree = "<group>";
		};
		9262C66B1F46AD6F005FAFFF = {
			isa = PBXGroup;
			children = (
				9262C6761F46AD70005FAFFF /* iASTwitter */,
				9262C6751F46AD70005FAFFF /* Products */,
				0355C5B13EF112D6A4FC4D70 /* Pods */,
				FF106CD8422918109784CB39 /* Frameworks */,
			);
			sourceTree = "<group>";
		};
		9262C6751F46AD70005FAFFF /* Products */ = {
			isa = PBXGroup;
			children = (
				9262C6741F46AD70005FAFFF /* iASTwitter.app */,
			);
			name = Products;
			sourceTree = "<group>";
		};
		9262C6761F46AD70005FAFFF /* iASTwitter */ = {
			isa = PBXGroup;
			children = (
				9262C68A1F46B233005FAFFF /* Modules */,
				9262C68B1F46B23D005FAFFF /* Core */,
				9262C68C1F46B244005FAFFF /* Supporting Files */,
			);
			path = iASTwitter;
			sourceTree = "<group>";
		};
		9262C68A1F46B233005FAFFF /* Modules */ = {
			isa = PBXGroup;
			children = (
				9262C6901F46B2A4005FAFFF /* Login */,
				92B46E021F5200C50037B205 /* Followers */,
			);
			name = Modules;
			sourceTree = "<group>";
		};
		9262C68B1F46B23D005FAFFF /* Core */ = {
			isa = PBXGroup;
			children = (
				9262C68D1F46B260005FAFFF /* Application */,
				92B46DFF1F52005C0037B205 /* Extensions */,
				92B46DFA1F51F2480037B205 /* Utils */,
				92B46DF71F51EFD60037B205 /* ErrorHandling */,
				92B46DF41F51EF890037B205 /* Managers */,
				9262C68F1F46B280005FAFFF /* Base */,
				92B46E0B1F5214850037B205 /* Resources */,
			);
			name = Core;
			sourceTree = "<group>";
		};
		9262C68C1F46B244005FAFFF /* Supporting Files */ = {
			isa = PBXGroup;
			children = (
				9262C67E1F46AD70005FAFFF /* Assets.xcassets */,
				9262C6801F46AD70005FAFFF /* LaunchScreen.storyboard */,
				9262C6831F46AD70005FAFFF /* Info.plist */,
				9262C6A01F46B380005FAFFF /* Localizable.strings */,
				92BAAE551F49898200C08968 /* iASTwitter-Bridging-Header.h */,
			);
			name = "Supporting Files";
			sourceTree = "<group>";
		};
		9262C68D1F46B260005FAFFF /* Application */ = {
			isa = PBXGroup;
			children = (
				9262C6771F46AD70005FAFFF /* AppDelegate.swift */,
			);
			name = Application;
			sourceTree = "<group>";
		};
		9262C68F1F46B280005FAFFF /* Base */ = {
			isa = PBXGroup;
			children = (
				9262C6AB1F46B672005FAFFF /* BaseModel.swift */,
				9262C6AD1F46B680005FAFFF /* BaseViewController.swift */,
			);
			name = Base;
			sourceTree = "<group>";
		};
		9262C6901F46B2A4005FAFFF /* Login */ = {
			isa = PBXGroup;
			children = (
				9262C6911F46B2AB005FAFFF /* Model */,
				9262C6921F46B2B3005FAFFF /* View */,
				9262C6931F46B2B9005FAFFF /* Controller */,
			);
			name = Login;
			sourceTree = "<group>";
		};
		9262C6911F46B2AB005FAFFF /* Model */ = {
			isa = PBXGroup;
			children = (
				9262C6A31F46B3E6005FAFFF /* User.swift */,
			);
			name = Model;
			sourceTree = "<group>";
		};
		9262C6921F46B2B3005FAFFF /* View */ = {
			isa = PBXGroup;
			children = (
				9262C6A71F46B5DB005FAFFF /* Login.storyboard */,
			);
			name = View;
			sourceTree = "<group>";
		};
		9262C6931F46B2B9005FAFFF /* Controller */ = {
			isa = PBXGroup;
			children = (
				92B46DF21F5198890037B205 /* LoginVC.swift */,
			);
			name = Controller;
			sourceTree = "<group>";
		};
		92B46DF41F51EF890037B205 /* Managers */ = {
			isa = PBXGroup;
			children = (
				92B46DF51F51EFA90037B205 /* StorageManager.swift */,
			);
			name = Managers;
			sourceTree = "<group>";
		};
		92B46DF71F51EFD60037B205 /* ErrorHandling */ = {
			isa = PBXGroup;
			children = (
				92B46DF81F51EFEB0037B205 /* iASError.swift */,
			);
			name = ErrorHandling;
			sourceTree = "<group>";
		};
		92B46DFA1F51F2480037B205 /* Utils */ = {
			isa = PBXGroup;
			children = (
				927517911F532B3900F1FB91 /* Reachability.swift */,
				92B46DFB1F51F2570037B205 /* Globals.swift */,
				92B46DFD1F51F2C00037B205 /* Constants.swift */,
			);
			name = Utils;
			sourceTree = "<group>";
		};
		92B46DFF1F52005C0037B205 /* Extensions */ = {
			isa = PBXGroup;
			children = (
				927517821F523DC900F1FB91 /* UIViewExtensions.swift */,
				92B46E001F52007F0037B205 /* UIViewControllerExtension.swift */,
				9275178B1F52501700F1FB91 /* UIImageExtension.swift */,
			);
			name = Extensions;
			sourceTree = "<group>";
		};
		92B46E021F5200C50037B205 /* Followers */ = {
			isa = PBXGroup;
			children = (
				92B46E051F5200E10037B205 /* Model */,
				92B46E041F5200DA0037B205 /* View */,
				92B46E031F5200D00037B205 /* Controller */,
			);
			name = Followers;
			sourceTree = "<group>";
		};
		92B46E031F5200D00037B205 /* Controller */ = {
			isa = PBXGroup;
			children = (
				92B46E091F5202700037B205 /* FollowersVC.swift */,
				927517891F524ECD00F1FB91 /* FollowerDetailsVC.swift */,
			);
			name = Controller;
			sourceTree = "<group>";
		};
		92B46E041F5200DA0037B205 /* View */ = {
			isa = PBXGroup;
			children = (
				927517861F5245B900F1FB91 /* Followers.storyboard */,
				927517801F52357900F1FB91 /* FollowerCell.swift */,
				9275178D1F526D2000F1FB91 /* TweetCell.swift */,
			);
			name = View;
			sourceTree = "<group>";
		};
		92B46E051F5200E10037B205 /* Model */ = {
			isa = PBXGroup;
			children = (
			);
			name = Model;
			sourceTree = "<group>";
		};
		92B46E0B1F5214850037B205 /* Resources */ = {
			isa = PBXGroup;
			children = (
				92B46E0C1F52148C0037B205 /* Fonts */,
			);
			name = Resources;
			sourceTree = "<group>";
		};
		92B46E0C1F52148C0037B205 /* Fonts */ = {
			isa = PBXGroup;
			children = (
				92B46E0D1F5214980037B205 /* DEATHNOTEFont.ttf */,
			);
			name = Fonts;
			sourceTree = "<group>";
		};
		FF106CD8422918109784CB39 /* Frameworks */ = {
			isa = PBXGroup;
			children = (
				9275178F1F529F7600F1FB91 /* SafariServices.framework */,
				926A4D505AF668704686A78B /* Pods_iASTwitter.framework */,
			);
			name = Frameworks;
			sourceTree = "<group>";
		};
/* End PBXGroup section */

/* Begin PBXNativeTarget section */
		9262C6731F46AD70005FAFFF /* iASTwitter */ = {
			isa = PBXNativeTarget;
			buildConfigurationList = 9262C6861F46AD70005FAFFF /* Build configuration list for PBXNativeTarget "iASTwitter" */;
			buildPhases = (
				687AFB8EFA539CD18E0946B8 /* [CP] Check Pods Manifest.lock */,
				9262C6701F46AD70005FAFFF /* Sources */,
				9262C6711F46AD70005FAFFF /* Frameworks */,
				9262C6721F46AD70005FAFFF /* Resources */,
				9262C6891F46B1FE005FAFFF /* ShellScript */,
				656658165B9844F63B412E8D /* [CP] Embed Pods Frameworks */,
				088F95B9040B8DA463AAFF71 /* [CP] Copy Pods Resources */,
			);
			buildRules = (
			);
			dependencies = (
			);
			name = iASTwitter;
			productName = iASTwitter;
			productReference = 9262C6741F46AD70005FAFFF /* iASTwitter.app */;
			productType = "com.apple.product-type.application";
		};
/* End PBXNativeTarget section */

/* Begin PBXProject section */
		9262C66C1F46AD6F005FAFFF /* Project object */ = {
			isa = PBXProject;
			attributes = {
				LastSwiftUpdateCheck = 0830;
				LastUpgradeCheck = 1020;
				ORGANIZATIONNAME = "Amr Salman";
				TargetAttributes = {
					9262C6731F46AD70005FAFFF = {
						CreatedOnToolsVersion = 8.3.2;
						DevelopmentTeam = 9NZ52JKAJ8;
						LastSwiftMigration = 0830;
						ProvisioningStyle = Automatic;
					};
				};
			};
			buildConfigurationList = 9262C66F1F46AD6F005FAFFF /* Build configuration list for PBXProject "iASTwitter" */;
			compatibilityVersion = "Xcode 3.2";
			developmentRegion = en;
			hasScannedForEncodings = 0;
			knownRegions = (
				en,
				Base,
				ar,
			);
			mainGroup = 9262C66B1F46AD6F005FAFFF;
			productRefGroup = 9262C6751F46AD70005FAFFF /* Products */;
			projectDirPath = "";
			projectRoot = "";
			targets = (
				9262C6731F46AD70005FAFFF /* iASTwitter */,
			);
		};
/* End PBXProject section */

/* Begin PBXResourcesBuildPhase section */
		9262C6721F46AD70005FAFFF /* Resources */ = {
			isa = PBXResourcesBuildPhase;
			buildActionMask = 2147483647;
			files = (
				927517841F5245B900F1FB91 /* Followers.storyboard in Resources */,
				9262C6A51F46B5DB005FAFFF /* Login.storyboard in Resources */,
				9262C6821F46AD70005FAFFF /* LaunchScreen.storyboard in Resources */,
				9262C69E1F46B380005FAFFF /* Localizable.strings in Resources */,
				92B46E0E1F5214980037B205 /* DEATHNOTEFont.ttf in Resources */,
				9262C67F1F46AD70005FAFFF /* Assets.xcassets in Resources */,
			);
			runOnlyForDeploymentPostprocessing = 0;
		};
/* End PBXResourcesBuildPhase section */

/* Begin PBXShellScriptBuildPhase section */
		088F95B9040B8DA463AAFF71 /* [CP] Copy Pods Resources */ = {
			isa = PBXShellScriptBuildPhase;
			buildActionMask = 2147483647;
			files = (
			);
			inputPaths = (
				"${PODS_ROOT}/Target Support Files/Pods-iASTwitter/Pods-iASTwitter-resources.sh",
				"${PODS_ROOT}/TwitterKit/iOS/TwitterKit.framework/TwitterKitResources.bundle",
			);
			name = "[CP] Copy Pods Resources";
			outputPaths = (
				"${TARGET_BUILD_DIR}/${UNLOCALIZED_RESOURCES_FOLDER_PATH}/TwitterKitResources.bundle",
			);
			runOnlyForDeploymentPostprocessing = 0;
			shellPath = /bin/sh;
			shellScript = "\"${PODS_ROOT}/Target Support Files/Pods-iASTwitter/Pods-iASTwitter-resources.sh\"\n";
			showEnvVarsInLog = 0;
		};
		656658165B9844F63B412E8D /* [CP] Embed Pods Frameworks */ = {
			isa = PBXShellScriptBuildPhase;
			buildActionMask = 2147483647;
			files = (
			);
			inputPaths = (
				"${PODS_ROOT}/Target Support Files/Pods-iASTwitter/Pods-iASTwitter-frameworks.sh",
				"${BUILT_PRODUCTS_DIR}/Kingfisher/Kingfisher.framework",
				"${BUILT_PRODUCTS_DIR}/PKHUD/PKHUD.framework",
				"${PODS_ROOT}/TwitterCore/iOS/TwitterCore.framework",
				"${PODS_ROOT}/TwitterKit/iOS/TwitterKit.framework",
			);
			name = "[CP] Embed Pods Frameworks";
			outputPaths = (
				"${TARGET_BUILD_DIR}/${FRAMEWORKS_FOLDER_PATH}/Kingfisher.framework",
				"${TARGET_BUILD_DIR}/${FRAMEWORKS_FOLDER_PATH}/PKHUD.framework",
				"${TARGET_BUILD_DIR}/${FRAMEWORKS_FOLDER_PATH}/TwitterCore.framework",
				"${TARGET_BUILD_DIR}/${FRAMEWORKS_FOLDER_PATH}/TwitterKit.framework",
			);
			runOnlyForDeploymentPostprocessing = 0;
			shellPath = /bin/sh;
			shellScript = "\"${PODS_ROOT}/Target Support Files/Pods-iASTwitter/Pods-iASTwitter-frameworks.sh\"\n";
			showEnvVarsInLog = 0;
		};
		687AFB8EFA539CD18E0946B8 /* [CP] Check Pods Manifest.lock */ = {
			isa = PBXShellScriptBuildPhase;
			buildActionMask = 2147483647;
			files = (
			);
			inputPaths = (
				"${PODS_PODFILE_DIR_PATH}/Podfile.lock",
				"${PODS_ROOT}/Manifest.lock",
			);
			name = "[CP] Check Pods Manifest.lock";
			outputPaths = (
				"$(DERIVED_FILE_DIR)/Pods-iASTwitter-checkManifestLockResult.txt",
			);
			runOnlyForDeploymentPostprocessing = 0;
			shellPath = /bin/sh;
			shellScript = "diff \"${PODS_PODFILE_DIR_PATH}/Podfile.lock\" \"${PODS_ROOT}/Manifest.lock\" > /dev/null\nif [ $? != 0 ] ; then\n    # print error to STDERR\n    echo \"error: The sandbox is not in sync with the Podfile.lock. Run 'pod install' or update your CocoaPods installation.\" >&2\n    exit 1\nfi\n# This output is used by Xcode 'outputs' to avoid re-running this script phase.\necho \"SUCCESS\" > \"${SCRIPT_OUTPUT_FILE_0}\"\n";
			showEnvVarsInLog = 0;
		};
		9262C6891F46B1FE005FAFFF /* ShellScript */ = {
			isa = PBXShellScriptBuildPhase;
			buildActionMask = 2147483647;
			files = (
			);
			inputPaths = (
			);
			outputPaths = (
			);
			runOnlyForDeploymentPostprocessing = 0;
			shellPath = /bin/sh;
			shellScript = "";
		};
/* End PBXShellScriptBuildPhase section */

/* Begin PBXSourcesBuildPhase section */
		9262C6701F46AD70005FAFFF /* Sources */ = {
			isa = PBXSourcesBuildPhase;
			buildActionMask = 2147483647;
			files = (
				9262C6AC1F46B672005FAFFF /* BaseModel.swift in Sources */,
				9262C6AE1F46B680005FAFFF /* BaseViewController.swift in Sources */,
				92B46E011F52007F0037B205 /* UIViewControllerExtension.swift in Sources */,
				9275178E1F526D2000F1FB91 /* TweetCell.swift in Sources */,
				927517831F523DC900F1FB91 /* UIViewExtensions.swift in Sources */,
				9262C6A41F46B3E6005FAFFF /* User.swift in Sources */,
				927517921F532B3900F1FB91 /* Reachability.swift in Sources */,
				9275178A1F524ECD00F1FB91 /* FollowerDetailsVC.swift in Sources */,
				92B46E0A1F5202700037B205 /* FollowersVC.swift in Sources */,
				92B46DF91F51EFEB0037B205 /* iASError.swift in Sources */,
				9275178C1F52501700F1FB91 /* UIImageExtension.swift in Sources */,
				92B46DFC1F51F2570037B205 /* Globals.swift in Sources */,
				92B46DF61F51EFA90037B205 /* StorageManager.swift in Sources */,
				9262C6781F46AD70005FAFFF /* AppDelegate.swift in Sources */,
				92B46DF31F5198890037B205 /* LoginVC.swift in Sources */,
				92B46DFE1F51F2C00037B205 /* Constants.swift in Sources */,
				927517811F52357900F1FB91 /* FollowerCell.swift in Sources */,
			);
			runOnlyForDeploymentPostprocessing = 0;
		};
/* End PBXSourcesBuildPhase section */

/* Begin PBXVariantGroup section */
		9262C6801F46AD70005FAFFF /* LaunchScreen.storyboard */ = {
			isa = PBXVariantGroup;
			children = (
				9262C6811F46AD70005FAFFF /* Base */,
				9262C69A1F46B362005FAFFF /* ar */,
			);
			name = LaunchScreen.storyboard;
			sourceTree = "<group>";
		};
		9262C6A01F46B380005FAFFF /* Localizable.strings */ = {
			isa = PBXVariantGroup;
			children = (
				9262C69F1F46B380005FAFFF /* ar */,
			);
			name = Localizable.strings;
			sourceTree = "<group>";
		};
		9262C6A71F46B5DB005FAFFF /* Login.storyboard */ = {
			isa = PBXVariantGroup;
			children = (
				9262C6A61F46B5DB005FAFFF /* Base */,
				9262C6A91F46B5DE005FAFFF /* ar */,
			);
			name = Login.storyboard;
			sourceTree = "<group>";
		};
		927517861F5245B900F1FB91 /* Followers.storyboard */ = {
			isa = PBXVariantGroup;
			children = (
				927517851F5245B900F1FB91 /* Base */,
				927517881F5245BC00F1FB91 /* ar */,
			);
			name = Followers.storyboard;
			sourceTree = "<group>";
		};
/* End PBXVariantGroup section */

/* Begin XCBuildConfiguration section */
		9262C6841F46AD70005FAFFF /* Debug */ = {
			isa = XCBuildConfiguration;
			buildSettings = {
				ALWAYS_SEARCH_USER_PATHS = NO;
				CLANG_ANALYZER_LOCALIZABILITY_NONLOCALIZED = YES;
				CLANG_ANALYZER_NONNULL = YES;
				CLANG_ANALYZER_NUMBER_OBJECT_CONVERSION = YES_AGGRESSIVE;
				CLANG_CXX_LANGUAGE_STANDARD = "gnu++0x";
				CLANG_CXX_LIBRARY = "libc++";
				CLANG_ENABLE_MODULES = YES;
				CLANG_ENABLE_OBJC_ARC = YES;
				CLANG_WARN_BLOCK_CAPTURE_AUTORELEASING = YES;
				CLANG_WARN_BOOL_CONVERSION = YES;
				CLANG_WARN_COMMA = YES;
				CLANG_WARN_CONSTANT_CONVERSION = YES;
				CLANG_WARN_DEPRECATED_OBJC_IMPLEMENTATIONS = YES;
				CLANG_WARN_DIRECT_OBJC_ISA_USAGE = YES_ERROR;
				CLANG_WARN_DOCUMENTATION_COMMENTS = YES;
				CLANG_WARN_EMPTY_BODY = YES;
				CLANG_WARN_ENUM_CONVERSION = YES;
				CLANG_WARN_INFINITE_RECURSION = YES;
				CLANG_WARN_INT_CONVERSION = YES;
				CLANG_WARN_NON_LITERAL_NULL_CONVERSION = YES;
				CLANG_WARN_OBJC_IMPLICIT_RETAIN_SELF = YES;
				CLANG_WARN_OBJC_LITERAL_CONVERSION = YES;
				CLANG_WARN_OBJC_ROOT_CLASS = YES_ERROR;
				CLANG_WARN_RANGE_LOOP_ANALYSIS = YES;
				CLANG_WARN_STRICT_PROTOTYPES = YES;
				CLANG_WARN_SUSPICIOUS_MOVE = YES;
				CLANG_WARN_UNREACHABLE_CODE = YES;
				CLANG_WARN__DUPLICATE_METHOD_MATCH = YES;
				"CODE_SIGN_IDENTITY[sdk=iphoneos*]" = "iPhone Developer";
				COPY_PHASE_STRIP = NO;
				DEBUG_INFORMATION_FORMAT = dwarf;
				ENABLE_STRICT_OBJC_MSGSEND = YES;
				ENABLE_TESTABILITY = YES;
				GCC_C_LANGUAGE_STANDARD = gnu99;
				GCC_DYNAMIC_NO_PIC = NO;
				GCC_NO_COMMON_BLOCKS = YES;
				GCC_OPTIMIZATION_LEVEL = 0;
				GCC_PREPROCESSOR_DEFINITIONS = (
					"DEBUG=1",
					"$(inherited)",
				);
				GCC_WARN_64_TO_32_BIT_CONVERSION = YES;
				GCC_WARN_ABOUT_RETURN_TYPE = YES_ERROR;
				GCC_WARN_UNDECLARED_SELECTOR = YES;
				GCC_WARN_UNINITIALIZED_AUTOS = YES_AGGRESSIVE;
				GCC_WARN_UNUSED_FUNCTION = YES;
				GCC_WARN_UNUSED_VARIABLE = YES;
				IPHONEOS_DEPLOYMENT_TARGET = 10.3;
				MTL_ENABLE_DEBUG_INFO = YES;
				ONLY_ACTIVE_ARCH = YES;
				SDKROOT = iphoneos;
				SWIFT_ACTIVE_COMPILATION_CONDITIONS = DEBUG;
				SWIFT_OPTIMIZATION_LEVEL = "-Onone";
				TARGETED_DEVICE_FAMILY = "1,2";
			};
			name = Debug;
		};
		9262C6851F46AD70005FAFFF /* Release */ = {
			isa = XCBuildConfiguration;
			buildSettings = {
				ALWAYS_SEARCH_USER_PATHS = NO;
				CLANG_ANALYZER_LOCALIZABILITY_NONLOCALIZED = YES;
				CLANG_ANALYZER_NONNULL = YES;
				CLANG_ANALYZER_NUMBER_OBJECT_CONVERSION = YES_AGGRESSIVE;
				CLANG_CXX_LANGUAGE_STANDARD = "gnu++0x";
				CLANG_CXX_LIBRARY = "libc++";
				CLANG_ENABLE_MODULES = YES;
				CLANG_ENABLE_OBJC_ARC = YES;
				CLANG_WARN_BLOCK_CAPTURE_AUTORELEASING = YES;
				CLANG_WARN_BOOL_CONVERSION = YES;
				CLANG_WARN_COMMA = YES;
				CLANG_WARN_CONSTANT_CONVERSION = YES;
				CLANG_WARN_DEPRECATED_OBJC_IMPLEMENTATIONS = YES;
				CLANG_WARN_DIRECT_OBJC_ISA_USAGE = YES_ERROR;
				CLANG_WARN_DOCUMENTATION_COMMENTS = YES;
				CLANG_WARN_EMPTY_BODY = YES;
				CLANG_WARN_ENUM_CONVERSION = YES;
				CLANG_WARN_INFINITE_RECURSION = YES;
				CLANG_WARN_INT_CONVERSION = YES;
				CLANG_WARN_NON_LITERAL_NULL_CONVERSION = YES;
				CLANG_WARN_OBJC_IMPLICIT_RETAIN_SELF = YES;
				CLANG_WARN_OBJC_LITERAL_CONVERSION = YES;
				CLANG_WARN_OBJC_ROOT_CLASS = YES_ERROR;
				CLANG_WARN_RANGE_LOOP_ANALYSIS = YES;
				CLANG_WARN_STRICT_PROTOTYPES = YES;
				CLANG_WARN_SUSPICIOUS_MOVE = YES;
				CLANG_WARN_UNREACHABLE_CODE = YES;
				CLANG_WARN__DUPLICATE_METHOD_MATCH = YES;
				"CODE_SIGN_IDENTITY[sdk=iphoneos*]" = "iPhone Developer";
				COPY_PHASE_STRIP = NO;
				DEBUG_INFORMATION_FORMAT = "dwarf-with-dsym";
				ENABLE_NS_ASSERTIONS = NO;
				ENABLE_STRICT_OBJC_MSGSEND = YES;
				GCC_C_LANGUAGE_STANDARD = gnu99;
				GCC_NO_COMMON_BLOCKS = YES;
				GCC_WARN_64_TO_32_BIT_CONVERSION = YES;
				GCC_WARN_ABOUT_RETURN_TYPE = YES_ERROR;
				GCC_WARN_UNDECLARED_SELECTOR = YES;
				GCC_WARN_UNINITIALIZED_AUTOS = YES_AGGRESSIVE;
				GCC_WARN_UNUSED_FUNCTION = YES;
				GCC_WARN_UNUSED_VARIABLE = YES;
				IPHONEOS_DEPLOYMENT_TARGET = 10.3;
				MTL_ENABLE_DEBUG_INFO = NO;
				SDKROOT = iphoneos;
				SWIFT_OPTIMIZATION_LEVEL = "-Owholemodule";
				TARGETED_DEVICE_FAMILY = "1,2";
				VALIDATE_PRODUCT = YES;
			};
			name = Release;
		};
		9262C6871F46AD70005FAFFF /* Debug */ = {
			isa = XCBuildConfiguration;
			baseConfigurationReference = 4BF5B048A97B6BCA020C14C2 /* Pods-iASTwitter.debug.xcconfig */;
			buildSettings = {
				ASSETCATALOG_COMPILER_APPICON_NAME = AppIcon;
				CLANG_ENABLE_MODULES = YES;
				DEVELOPMENT_TEAM = 9NZ52JKAJ8;
				INFOPLIST_FILE = iASTwitter/Info.plist;
				LD_RUNPATH_SEARCH_PATHS = "$(inherited) @executable_path/Frameworks";
				PRODUCT_BUNDLE_IDENTIFIER = com.ias.iASTwitter.sandbox;
				PRODUCT_NAME = "$(TARGET_NAME)";
				SWIFT_OBJC_BRIDGING_HEADER = "iASTwitter/iASTwitter-Bridging-Header.h";
				SWIFT_OPTIMIZATION_LEVEL = "-Onone";
				SWIFT_VERSION = 5.0;
			};
			name = Debug;
		};
		9262C6881F46AD70005FAFFF /* Release */ = {
			isa = XCBuildConfiguration;
			baseConfigurationReference = 528376CC686A41803FC5AD94 /* Pods-iASTwitter.release.xcconfig */;
			buildSettings = {
				ASSETCATALOG_COMPILER_APPICON_NAME = AppIcon;
				CLANG_ENABLE_MODULES = YES;
				DEVELOPMENT_TEAM = 9NZ52JKAJ8;
				INFOPLIST_FILE = iASTwitter/Info.plist;
				LD_RUNPATH_SEARCH_PATHS = "$(inherited) @executable_path/Frameworks";
				PRODUCT_BUNDLE_IDENTIFIER = com.ias.iASTwitter.sandbox;
				PRODUCT_NAME = "$(TARGET_NAME)";
				SWIFT_OBJC_BRIDGING_HEADER = "iASTwitter/iASTwitter-Bridging-Header.h";
				SWIFT_VERSION = 5.0;
			};
			name = Release;
		};
/* End XCBuildConfiguration section */

/* Begin XCConfigurationList section */
		9262C66F1F46AD6F005FAFFF /* Build configuration list for PBXProject "iASTwitter" */ = {
			isa = XCConfigurationList;
			buildConfigurations = (
				9262C6841F46AD70005FAFFF /* Debug */,
				9262C6851F46AD70005FAFFF /* Release */,
			);
			defaultConfigurationIsVisible = 0;
			defaultConfigurationName = Release;
		};
		9262C6861F46AD70005FAFFF /* Build configuration list for PBXNativeTarget "iASTwitter" */ = {
			isa = XCConfigurationList;
			buildConfigurations = (
				9262C6871F46AD70005FAFFF /* Debug */,
				9262C6881F46AD70005FAFFF /* Release */,
			);
			defaultConfigurationIsVisible = 0;
			defaultConfigurationName = Release;
		};
/* End XCConfigurationList section */
	};
	rootObject = 9262C66C1F46AD6F005FAFFF /* Project object */;
}
